
Microsoft Visual Studio Solution File, Format Version 12.00
# Visual Studio Version 17
VisualStudioVersion = 17.11.35327.3
MinimumVisualStudioVersion = 10.0.40219.1
Project("{FAE04EC0-301F-11D3-BF4B-00C04F79EFBC}") = "api", "api\api.csproj", "{FC28574F-63EA-44C3-9003-EF442DEE2289}"
EndProject
Global
	GlobalSection(SolutionConfigurationPlatforms) = preSolution
		Debug|Any CPU = Debug|Any CPU
		Release|Any CPU = Release|Any CPU
	EndGlobalSection
	GlobalSection(ProjectConfigurationPlatforms) = postSolution
		{FC28574F-63EA-44C3-9003-EF442DEE2289}.Debug|Any CPU.ActiveCfg = Debug|Any CPU
		{FC28574F-63EA-44C3-9003-EF442DEE2289}.Debug|Any CPU.Build.0 = Debug|Any CPU
		{FC28574F-63EA-44C3-9003-EF442DEE2289}.Release|Any CPU.ActiveCfg = Release|Any CPU
		{FC28574F-63EA-44C3-9003-EF442DEE2289}.Release|Any CPU.Build.0 = Release|Any CPU
	EndGlobalSection
	GlobalSection(SolutionProperties) = preSolution
		HideSolutionNode = FALSE
	EndGlobalSection
	GlobalSection(ExtensibilityGlobals) = postSolution
		SolutionGuid = {4672D8A0-C6EC-41D7-A001-B18A7831455F}
	EndGlobalSection
EndGlobal
